
Microsoft Visual Studio Solution File, Format Version 12.00
Project("{FAE04EC0-301F-11D3-BF4B-00C04F79EFBC}") = "1. Threads", "1. Threads\1. Threads.csproj", "{E3A75386-00F6-4B47-AA33-8AB40D681F9D}"
EndProject
Project("{FAE04EC0-301F-11D3-BF4B-00C04F79EFBC}") = "WpfAppThread", "WpfAppThread\WpfAppThread.csproj", "{017F0941-8C3F-409C-8A75-82ED3DFD3CA7}"
EndProject
Project("{FAE04EC0-301F-11D3-BF4B-00C04F79EFBC}") = "DAL", "DAL\DAL.csproj", "{91C4E5B9-9888-406D-B922-91C5BE573466}"
EndProject
Project("{FAE04EC0-301F-11D3-BF4B-00C04F79EFBC}") = "Helpers", "Helpers\Helpers.csproj", "{E33221B4-E97C-4192-9209-38ACD0ABB931}"
EndProject
Global
	GlobalSection(SolutionConfigurationPlatforms) = preSolution
		Debug|Any CPU = Debug|Any CPU
		Release|Any CPU = Release|Any CPU
	EndGlobalSection
	GlobalSection(ProjectConfigurationPlatforms) = postSolution
		{E3A75386-00F6-4B47-AA33-8AB40D681F9D}.Debug|Any CPU.ActiveCfg = Debug|Any CPU
		{E3A75386-00F6-4B47-AA33-8AB40D681F9D}.Debug|Any CPU.Build.0 = Debug|Any CPU
		{E3A75386-00F6-4B47-AA33-8AB40D681F9D}.Release|Any CPU.ActiveCfg = Release|Any CPU
		{E3A75386-00F6-4B47-AA33-8AB40D681F9D}.Release|Any CPU.Build.0 = Release|Any CPU
		{017F0941-8C3F-409C-8A75-82ED3DFD3CA7}.Debug|Any CPU.ActiveCfg = Debug|Any CPU
		{017F0941-8C3F-409C-8A75-82ED3DFD3CA7}.Debug|Any CPU.Build.0 = Debug|Any CPU
		{017F0941-8C3F-409C-8A75-82ED3DFD3CA7}.Release|Any CPU.ActiveCfg = Release|Any CPU
		{017F0941-8C3F-409C-8A75-82ED3DFD3CA7}.Release|Any CPU.Build.0 = Release|Any CPU
		{91C4E5B9-9888-406D-B922-91C5BE573466}.Debug|Any CPU.ActiveCfg = Debug|Any CPU
		{91C4E5B9-9888-406D-B922-91C5BE573466}.Debug|Any CPU.Build.0 = Debug|Any CPU
		{91C4E5B9-9888-406D-B922-91C5BE573466}.Release|Any CPU.ActiveCfg = Release|Any CPU
		{91C4E5B9-9888-406D-B922-91C5BE573466}.Release|Any CPU.Build.0 = Release|Any CPU
		{E33221B4-E97C-4192-9209-38ACD0ABB931}.Debug|Any CPU.ActiveCfg = Debug|Any CPU
		{E33221B4-E97C-4192-9209-38ACD0ABB931}.Debug|Any CPU.Build.0 = Debug|Any CPU
		{E33221B4-E97C-4192-9209-38ACD0ABB931}.Release|Any CPU.ActiveCfg = Release|Any CPU
		{E33221B4-E97C-4192-9209-38ACD0ABB931}.Release|Any CPU.Build.0 = Release|Any CPU
	EndGlobalSection
EndGlobal
